name: Refresh weather mobile lockfile

on:
  push:
    branches:
      - feature/ios-weather-layers
    paths:
      - "mobile/package.json"
      - ".github/workflows/refresh-weather-mobile-lock.yml"

permissions:
  contents: write

concurrency:
  group: refresh-weather-mobile-lock
  cancel-in-progress: true

jobs:
  refresh:
    runs-on: ubuntu-latest
    timeout-minutes: 20

    steps:
      - name: Check out weather branch
        uses: actions/checkout@v5
        with:
          ref: feature/ios-weather-layers

      - name: Set up Node.js
        uses: actions/setup-node@v4
        with:
          node-version: "22.16.0"

      - name: Refresh package lock
        working-directory: mobile
        run: npm install --package-lock-only --include=dev --no-audit --no-fund

      - name: Verify locked install
        working-directory: mobile
        run: npm ci --include=dev --no-audit --no-fund

      - name: Commit refreshed lockfile
        shell: bash
        run: |
          if [ -z "$(git status --porcelain -- mobile/package-lock.json)" ]; then
            echo "The mobile lockfile is already current."
            exit 0
          fi

          git config user.name "github-actions[bot]"
          git config user.email "41898282+github-actions[bot]@users.noreply.github.com"
          git add mobile/package-lock.json
          git commit -m "Refresh mobile lockfile for weather layers"
          git push origin HEAD:feature/ios-weather-layers

      - name: Type-check
        working-directory: mobile
        run: npm run typecheck

      - name: Check Expo dependency versions
        working-directory: mobile
        run: npx expo install --check

      - name: Run Expo Doctor
        working-directory: mobile
        run: npm run doctor

      - name: Resolve Expo config
        working-directory: mobile
        run: npx expo config --type public

      - name: Bundle iOS JavaScript
        working-directory: mobile
        run: npx expo export --platform ios --output-dir dist-weather-ci
